// !$*UTF8*$!
{
	archiveVersion = 1;
	classes = {
	};
	objectVersion = 56;
	objects = {

/* Begin PBXBuildFile section */
		359CCE452AE119D20079EEA1 /* AppDelegate.swift in Sources */ = {isa = PBXBuildFile; fileRef = 359CCE442AE119D20079EEA1 /* AppDelegate.swift */; };
		359CCE472AE119D20079EEA1 /* SceneDelegate.swift in Sources */ = {isa = PBXBuildFile; fileRef = 359CCE462AE119D20079EEA1 /* SceneDelegate.swift */; };
		359CCE492AE119D20079EEA1 /* ViewController.swift in Sources */ = {isa = PBXBuildFile; fileRef = 359CCE482AE119D20079EEA1 /* ViewController.swift */; };
		359CCE4C2AE119D20079EEA1 /* Main.storyboard in Resources */ = {isa = PBXBuildFile; fileRef = 359CCE4A2AE119D20079EEA1 /* Main.storyboard */; };
		359CCE4E2AE119D30079EEA1 /* Assets.xcassets in Resources */ = {isa = PBXBuildFile; fileRef = 359CCE4D2AE119D30079EEA1 /* Assets.xcassets */; };
		359CCE512AE119D30079EEA1 /* LaunchScreen.storyboard in Resources */ = {isa = PBXBuildFile; fileRef = 359CCE4F2AE119D30079EEA1 /* LaunchScreen.storyboard */; };
		35D05E592AE69BD700E10B2A /* ColorGenerator.swift in Sources */ = {isa = PBXBuildFile; fileRef = 35D05E582AE69BD700E10B2A /* ColorGenerator.swift */; };
		35D05E5C2AE6B2E100E10B2A /* FirstHomework.swift in Sources */ = {isa = PBXBuildFile; fileRef = 35D05E5B2AE6B2E100E10B2A /* FirstHomework.swift */; };
/* End PBXBuildFile section */

/* Begin PBXFileReference section */
		359CCE412AE119D20079EEA1 /* iosSchool_HxH.app */ = {isa = PBXFileReference; explicitFileType = wrapper.application; includeInIndex = 0; path = iosSchool_HxH.app; sourceTree = BUILT_PRODUCTS_DIR; };
		359CCE442AE119D20079EEA1 /* AppDelegate.swift */ = {isa = PBXFileReference; lastKnownFileType = sourcecode.swift; path = AppDelegate.swift; sourceTree = "<group>"; };
		359CCE462AE119D20079EEA1 /* SceneDelegate.swift */ = {isa = PBXFileReference; lastKnownFileType = sourcecode.swift; path = SceneDelegate.swift; sourceTree = "<group>"; };
		359CCE482AE119D20079EEA1 /* ViewController.swift */ = {isa = PBXFileReference; lastKnownFileType = sourcecode.swift; path = ViewController.swift; sourceTree = "<group>"; };
		359CCE4B2AE119D20079EEA1 /* Base */ = {isa = PBXFileReference; lastKnownFileType = file.storyboard; name = Base; path = Base.lproj/Main.storyboard; sourceTree = "<group>"; };
		359CCE4D2AE119D30079EEA1 /* Assets.xcassets */ = {isa = PBXFileReference; lastKnownFileType = folder.assetcatalog; path = Assets.xcassets; sourceTree = "<group>"; };
		359CCE502AE119D30079EEA1 /* Base */ = {isa = PBXFileReference; lastKnownFileType = file.storyboard; name = Base; path = Base.lproj/LaunchScreen.storyboard; sourceTree = "<group>"; };
		359CCE522AE119D30079EEA1 /* Info.plist */ = {isa = PBXFileReference; lastKnownFileType = text.plist.xml; path = Info.plist; sourceTree = "<group>"; };
		35D05E582AE69BD700E10B2A /* ColorGenerator.swift */ = {isa = PBXFileReference; lastKnownFileType = sourcecode.swift; path = ColorGenerator.swift; sourceTree = "<group>"; };
		35D05E5B2AE6B2E100E10B2A /* FirstHomework.swift */ = {isa = PBXFileReference; lastKnownFileType = sourcecode.swift; path = FirstHomework.swift; sourceTree = "<group>"; };
/* End PBXFileReference section */

/* Begin PBXFrameworksBuildPhase section */
		359CCE3E2AE119D20079EEA1 /* Frameworks */ = {
			isa = PBXFrameworksBuildPhase;
			buildActionMask = 2147483647;
			files = (
			);
			runOnlyForDeploymentPostprocessing = 0;
		};
/* End PBXFrameworksBuildPhase section */

/* Begin PBXGroup section */
		359CCE382AE119D20079EEA1 = {
			isa = PBXGroup;
			children = (
				359CCE432AE119D20079EEA1 /* iosSchool_HxH */,
				359CCE422AE119D20079EEA1 /* Products */,
			);
			sourceTree = "<group>";
		};
		359CCE422AE119D20079EEA1 /* Products */ = {
			isa = PBXGroup;
			children = (
				359CCE412AE119D20079EEA1 /* iosSchool_HxH.app */,
			);
			name = Products;
			sourceTree = "<group>";
		};
		359CCE432AE119D20079EEA1 /* iosSchool_HxH */ = {
			isa = PBXGroup;
			children = (
				359CCE442AE119D20079EEA1 /* AppDelegate.swift */,
				359CCE462AE119D20079EEA1 /* SceneDelegate.swift */,
				359CCE482AE119D20079EEA1 /* ViewController.swift */,
				35D05E582AE69BD700E10B2A /* ColorGenerator.swift */,
				35D05E5D2AE6B2ED00E10B2A /* Homeworks */,
				359CCE4A2AE119D20079EEA1 /* Main.storyboard */,
				359CCE4D2AE119D30079EEA1 /* Assets.xcassets */,
				359CCE4F2AE119D30079EEA1 /* LaunchScreen.storyboard */,
				359CCE522AE119D30079EEA1 /* Info.plist */,
			);
			path = iosSchool_HxH;
			sourceTree = "<group>";
		};
		35D05E5D2AE6B2ED00E10B2A /* Homeworks */ = {
			isa = PBXGroup;
			children = (
				35D05E5B2AE6B2E100E10B2A /* FirstHomework.swift */,
			);
			path = Homeworks;
			sourceTree = "<group>";
		};
/* End PBXGroup section */

/* Begin PBXNativeTarget section */
		359CCE402AE119D20079EEA1 /* iosSchool_HxH */ = {
			isa = PBXNativeTarget;
			buildConfigurationList = 359CCE552AE119D30079EEA1 /* Build configuration list for PBXNativeTarget "iosSchool_HxH" */;
			buildPhases = (
				359CCE3D2AE119D20079EEA1 /* Sources */,
				359CCE3E2AE119D20079EEA1 /* Frameworks */,
				359CCE3F2AE119D20079EEA1 /* Resources */,
				35D05E5A2AE6AB0000E10B2A /* SwiftLint */,
			);
			buildRules = (
			);
			dependencies = (
			);
			name = iosSchool_HxH;
			productName = iosSchool_HxH;
			productReference = 359CCE412AE119D20079EEA1 /* iosSchool_HxH.app */;
			productType = "com.apple.product-type.application";
		};
/* End PBXNativeTarget section */

/* Begin PBXProject section */
		359CCE392AE119D20079EEA1 /* Project object */ = {
			isa = PBXProject;
			attributes = {
				BuildIndependentTargetsInParallel = 1;
				LastSwiftUpdateCheck = 1430;
				LastUpgradeCheck = 1430;
				TargetAttributes = {
					359CCE402AE119D20079EEA1 = {
						CreatedOnToolsVersion = 14.3.1;
					};
				};
			};
			buildConfigurationList = 359CCE3C2AE119D20079EEA1 /* Build configuration list for PBXProject "iosSchool_HxH" */;
			compatibilityVersion = "Xcode 14.0";
			developmentRegion = en;
			hasScannedForEncodings = 0;
			knownRegions = (
				en,
				Base,
			);
			mainGroup = 359CCE382AE119D20079EEA1;
			productRefGroup = 359CCE422AE119D20079EEA1 /* Products */;
			projectDirPath = "";
			projectRoot = "";
			targets = (
				359CCE402AE119D20079EEA1 /* iosSchool_HxH */,
			);
		};
/* End PBXProject section */

/* Begin PBXResourcesBuildPhase section */
		359CCE3F2AE119D20079EEA1 /* Resources */ = {
			isa = PBXResourcesBuildPhase;
			buildActionMask = 2147483647;
			files = (
				359CCE512AE119D30079EEA1 /* LaunchScreen.storyboard in Resources */,
				359CCE4E2AE119D30079EEA1 /* Assets.xcassets in Resources */,
				359CCE4C2AE119D20079EEA1 /* Main.storyboard in Resources */,
			);
			runOnlyForDeploymentPostprocessing = 0;
		};
/* End PBXResourcesBuildPhase section */

/* Begin PBXShellScriptBuildPhase section */
		35D05E5A2AE6AB0000E10B2A /* SwiftLint */ = {
			isa = PBXShellScriptBuildPhase;
			alwaysOutOfDate = 1;
			buildActionMask = 2147483647;
			files = (
			);
			inputFileListPaths = (
			);
			inputPaths = (
			);
			name = SwiftLint;
			outputFileListPaths = (
			);
			outputPaths = (
			);
			runOnlyForDeploymentPostprocessing = 0;
			shellPath = /bin/sh;
			shellScript = "export PATH=\"$PATH:/opt/homebrew/bin\"\nif which swiftlint > /dev/null; then\n  swiftlint\nelse\n  echo \"warning: SwiftLint not installed\"\nfi\n";
			showEnvVarsInLog = 0;
		};
/* End PBXShellScriptBuildPhase section */

/* Begin PBXSourcesBuildPhase section */
		359CCE3D2AE119D20079EEA1 /* Sources */ = {
			isa = PBXSourcesBuildPhase;
			buildActionMask = 2147483647;
			files = (
				359CCE492AE119D20079EEA1 /* ViewController.swift in Sources */,
				35D05E592AE69BD700E10B2A /* ColorGenerator.swift in Sources */,
				359CCE452AE119D20079EEA1 /* AppDelegate.swift in Sources */,
				359CCE472AE119D20079EEA1 /* SceneDelegate.swift in Sources */,
				35D05E5C2AE6B2E100E10B2A /* FirstHomework.swift in Sources */,
			);
			runOnlyForDeploymentPostprocessing = 0;
		};
/* End PBXSourcesBuildPhase section */

/* Begin PBXVariantGroup section */
		359CCE4A2AE119D20079EEA1 /* Main.storyboard */ = {
			isa = PBXVariantGroup;
			children = (
				359CCE4B2AE119D20079EEA1 /* Base */,
			);
			name = Main.storyboard;
			sourceTree = "<group>";
		};
		359CCE4F2AE119D30079EEA1 /* LaunchScreen.storyboard */ = {
			isa = PBXVariantGroup;
			children = (
				359CCE502AE119D30079EEA1 /* Base */,
			);
			name = LaunchScreen.storyboard;
			sourceTree = "<group>";
		};
/* End PBXVariantGroup section */

/* Begin XCBuildConfiguration section */
		359CCE532AE119D30079EEA1 /* Debug */ = {
			isa = XCBuildConfiguration;
			buildSettings = {
				ALWAYS_SEARCH_USER_PATHS = NO;
				CLANG_ANALYZER_NONNULL = YES;
				CLANG_ANALYZER_NUMBER_OBJECT_CONVERSION = YES_AGGRESSIVE;
				CLANG_CXX_LANGUAGE_STANDARD = "gnu++20";
				CLANG_ENABLE_MODULES = YES;
				CLANG_ENABLE_OBJC_ARC = YES;
				CLANG_ENABLE_OBJC_WEAK = YES;
				CLANG_WARN_BLOCK_CAPTURE_AUTORELEASING = YES;
				CLANG_WARN_BOOL_CONVERSION = YES;
				CLANG_WARN_COMMA = YES;
				CLANG_WARN_CONSTANT_CONVERSION = YES;
				CLANG_WARN_DEPRECATED_OBJC_IMPLEMENTATIONS = YES;
				CLANG_WARN_DIRECT_OBJC_ISA_USAGE = YES_ERROR;
				CLANG_WARN_DOCUMENTATION_COMMENTS = YES;
				CLANG_WARN_EMPTY_BODY = YES;
				CLANG_WARN_ENUM_CONVERSION = YES;
				CLANG_WARN_INFINITE_RECURSION = YES;
				CLANG_WARN_INT_CONVERSION = YES;
				CLANG_WARN_NON_LITERAL_NULL_CONVERSION = YES;
				CLANG_WARN_OBJC_IMPLICIT_RETAIN_SELF = YES;
				CLANG_WARN_OBJC_LITERAL_CONVERSION = YES;
				CLANG_WARN_OBJC_ROOT_CLASS = YES_ERROR;
				CLANG_WARN_QUOTED_INCLUDE_IN_FRAMEWORK_HEADER = YES;
				CLANG_WARN_RANGE_LOOP_ANALYSIS = YES;
				CLANG_WARN_STRICT_PROTOTYPES = YES;
				CLANG_WARN_SUSPICIOUS_MOVE = YES;
				CLANG_WARN_UNGUARDED_AVAILABILITY = YES_AGGRESSIVE;
				CLANG_WARN_UNREACHABLE_CODE = YES;
				CLANG_WARN__DUPLICATE_METHOD_MATCH = YES;
				COPY_PHASE_STRIP = NO;
				DEBUG_INFORMATION_FORMAT = dwarf;
				ENABLE_STRICT_OBJC_MSGSEND = YES;
				ENABLE_TESTABILITY = YES;
				GCC_C_LANGUAGE_STANDARD = gnu11;
				GCC_DYNAMIC_NO_PIC = NO;
				GCC_NO_COMMON_BLOCKS = YES;
				GCC_OPTIMIZATION_LEVEL = 0;
				GCC_PREPROCESSOR_DEFINITIONS = (
					"DEBUG=1",
					"$(inherited)",
				);
				GCC_WARN_64_TO_32_BIT_CONVERSION = YES;
				GCC_WARN_ABOUT_RETURN_TYPE = YES_ERROR;
				GCC_WARN_UNDECLARED_SELECTOR = YES;
				GCC_WARN_UNINITIALIZED_AUTOS = YES_AGGRESSIVE;
				GCC_WARN_UNUSED_FUNCTION = YES;
				GCC_WARN_UNUSED_VARIABLE = YES;
				IPHONEOS_DEPLOYMENT_TARGET = 16.4;
				MTL_ENABLE_DEBUG_INFO = INCLUDE_SOURCE;
				MTL_FAST_MATH = YES;
				ONLY_ACTIVE_ARCH = YES;
				SDKROOT = iphoneos;
				SWIFT_ACTIVE_COMPILATION_CONDITIONS = DEBUG;
				SWIFT_OPTIMIZATION_LEVEL = "-Onone";
			};
			name = Debug;
		};
		359CCE542AE119D30079EEA1 /* Release */ = {
			isa = XCBuildConfiguration;
			buildSettings = {
				ALWAYS_SEARCH_USER_PATHS = NO;
				CLANG_ANALYZER_NONNULL = YES;
				CLANG_ANALYZER_NUMBER_OBJECT_CONVERSION = YES_AGGRESSIVE;
				CLANG_CXX_LANGUAGE_STANDARD = "gnu++20";
				CLANG_ENABLE_MODULES = YES;
				CLANG_ENABLE_OBJC_ARC = YES;
				CLANG_ENABLE_OBJC_WEAK = YES;
				CLANG_WARN_BLOCK_CAPTURE_AUTORELEASING = YES;
				CLANG_WARN_BOOL_CONVERSION = YES;
				CLANG_WARN_COMMA = YES;
				CLANG_WARN_CONSTANT_CONVERSION = YES;
				CLANG_WARN_DEPRECATED_OBJC_IMPLEMENTATIONS = YES;
				CLANG_WARN_DIRECT_OBJC_ISA_USAGE = YES_ERROR;
				CLANG_WARN_DOCUMENTATION_COMMENTS = YES;
				CLANG_WARN_EMPTY_BODY = YES;
				CLANG_WARN_ENUM_CONVERSION = YES;
				CLANG_WARN_INFINITE_RECURSION = YES;
				CLANG_WARN_INT_CONVERSION = YES;
				CLANG_WARN_NON_LITERAL_NULL_CONVERSION = YES;
				CLANG_WARN_OBJC_IMPLICIT_RETAIN_SELF = YES;
				CLANG_WARN_OBJC_LITERAL_CONVERSION = YES;
				CLANG_WARN_OBJC_ROOT_CLASS = YES_ERROR;
				CLANG_WARN_QUOTED_INCLUDE_IN_FRAMEWORK_HEADER = YES;
				CLANG_WARN_RANGE_LOOP_ANALYSIS = YES;
				CLANG_WARN_STRICT_PROTOTYPES = YES;
				CLANG_WARN_SUSPICIOUS_MOVE = YES;
				CLANG_WARN_UNGUARDED_AVAILABILITY = YES_AGGRESSIVE;
				CLANG_WARN_UNREACHABLE_CODE = YES;
				CLANG_WARN__DUPLICATE_METHOD_MATCH = YES;
				COPY_PHASE_STRIP = NO;
				DEBUG_INFORMATION_FORMAT = "dwarf-with-dsym";
				ENABLE_NS_ASSERTIONS = NO;
				ENABLE_STRICT_OBJC_MSGSEND = YES;
				GCC_C_LANGUAGE_STANDARD = gnu11;
				GCC_NO_COMMON_BLOCKS = YES;
				GCC_WARN_64_TO_32_BIT_CONVERSION = YES;
				GCC_WARN_ABOUT_RETURN_TYPE = YES_ERROR;
				GCC_WARN_UNDECLARED_SELECTOR = YES;
				GCC_WARN_UNINITIALIZED_AUTOS = YES_AGGRESSIVE;
				GCC_WARN_UNUSED_FUNCTION = YES;
				GCC_WARN_UNUSED_VARIABLE = YES;
				IPHONEOS_DEPLOYMENT_TARGET = 16.4;
				MTL_ENABLE_DEBUG_INFO = NO;
				MTL_FAST_MATH = YES;
				SDKROOT = iphoneos;
				SWIFT_COMPILATION_MODE = wholemodule;
				SWIFT_OPTIMIZATION_LEVEL = "-O";
				VALIDATE_PRODUCT = YES;
			};
			name = Release;
		};
		359CCE562AE119D30079EEA1 /* Debug */ = {
			isa = XCBuildConfiguration;
			buildSettings = {
				ASSETCATALOG_COMPILER_APPICON_NAME = AppIcon;
				ASSETCATALOG_COMPILER_GLOBAL_ACCENT_COLOR_NAME = AccentColor;
				CODE_SIGN_STYLE = Automatic;
				CURRENT_PROJECT_VERSION = 1;
				DEVELOPMENT_TEAM = 7D5DULLXY6;
				GENERATE_INFOPLIST_FILE = YES;
				INFOPLIST_FILE = iosSchool_HxH/Info.plist;
				INFOPLIST_KEY_UIApplicationSupportsIndirectInputEvents = YES;
				INFOPLIST_KEY_UILaunchStoryboardName = LaunchScreen;
				INFOPLIST_KEY_UIMainStoryboardFile = Main;
				INFOPLIST_KEY_UISupportedInterfaceOrientations_iPad = "UIInterfaceOrientationPortrait UIInterfaceOrientationPortraitUpsideDown UIInterfaceOrientationLandscapeLeft UIInterfaceOrientationLandscapeRight";
				INFOPLIST_KEY_UISupportedInterfaceOrientations_iPhone = "UIInterfaceOrientationPortrait UIInterfaceOrientationLandscapeLeft UIInterfaceOrientationLandscapeRight";
				LD_RUNPATH_SEARCH_PATHS = (
					"$(inherited)",
					"@executable_path/Frameworks",
				);
				MARKETING_VERSION = 1.0;
				PRODUCT_BUNDLE_IDENTIFIER = "Serega-A.I..iosSchool-HxH";
				PRODUCT_NAME = "$(TARGET_NAME)";
				SWIFT_EMIT_LOC_STRINGS = YES;
				SWIFT_VERSION = 5.0;
				TARGETED_DEVICE_FAMILY = "1,2";
			};
			name = Debug;
		};
		359CCE572AE119D30079EEA1 /* Release */ = {
			isa = XCBuildConfiguration;
			buildSettings = {
				ASSETCATALOG_COMPILER_APPICON_NAME = AppIcon;
				ASSETCATALOG_COMPILER_GLOBAL_ACCENT_COLOR_NAME = AccentColor;
				CODE_SIGN_STYLE = Automatic;
				CURRENT_PROJECT_VERSION = 1;
				DEVELOPMENT_TEAM = 7D5DULLXY6;
				GENERATE_INFOPLIST_FILE = YES;
				INFOPLIST_FILE = iosSchool_HxH/Info.plist;
				INFOPLIST_KEY_UIApplicationSupportsIndirectInputEvents = YES;
				INFOPLIST_KEY_UILaunchStoryboardName = LaunchScreen;
				INFOPLIST_KEY_UIMainStoryboardFile = Main;
				INFOPLIST_KEY_UISupportedInterfaceOrientations_iPad = "UIInterfaceOrientationPortrait UIInterfaceOrientationPortraitUpsideDown UIInterfaceOrientationLandscapeLeft UIInterfaceOrientationLandscapeRight";
				INFOPLIST_KEY_UISupportedInterfaceOrientations_iPhone = "UIInterfaceOrientationPortrait UIInterfaceOrientationLandscapeLeft UIInterfaceOrientationLandscapeRight";
				LD_RUNPATH_SEARCH_PATHS = (
					"$(inherited)",
					"@executable_path/Frameworks",
				);
				MARKETING_VERSION = 1.0;
				PRODUCT_BUNDLE_IDENTIFIER = "Serega-A.I..iosSchool-HxH";
				PRODUCT_NAME = "$(TARGET_NAME)";
				SWIFT_EMIT_LOC_STRINGS = YES;
				SWIFT_VERSION = 5.0;
				TARGETED_DEVICE_FAMILY = "1,2";
			};
			name = Release;
		};
/* End XCBuildConfiguration section */

/* Begin XCConfigurationList section */
		359CCE3C2AE119D20079EEA1 /* Build configuration list for PBXProject "iosSchool_HxH" */ = {
			isa = XCConfigurationList;
			buildConfigurations = (
				359CCE532AE119D30079EEA1 /* Debug */,
				359CCE542AE119D30079EEA1 /* Release */,
			);
			defaultConfigurationIsVisible = 0;
			defaultConfigurationName = Release;
		};
		359CCE552AE119D30079EEA1 /* Build configuration list for PBXNativeTarget "iosSchool_HxH" */ = {
			isa = XCConfigurationList;
			buildConfigurations = (
				359CCE562AE119D30079EEA1 /* Debug */,
				359CCE572AE119D30079EEA1 /* Release */,
			);
			defaultConfigurationIsVisible = 0;
			defaultConfigurationName = Release;
		};
/* End XCConfigurationList section */
	};
	rootObject = 359CCE392AE119D20079EEA1 /* Project object */;
}
