// !$*UTF8*$!
{
	archiveVersion = 1;
	classes = {
	};
	objectVersion = 56;
	objects = {

/* Begin PBXBuildFile section */
		3513C77A2AF9184E0044D80B /* BaseCoordinator.swift in Sources */ = {isa = PBXBuildFile; fileRef = 3513C7792AF9184E0044D80B /* BaseCoordinator.swift */; };
		3513C77C2AF919370044D80B /* AppCoordinator.swift in Sources */ = {isa = PBXBuildFile; fileRef = 3513C77B2AF919370044D80B /* AppCoordinator.swift */; };
		3513C7802AF922DE0044D80B /* AuthViewController.swift in Sources */ = {isa = PBXBuildFile; fileRef = 3513C77F2AF922DE0044D80B /* AuthViewController.swift */; };
		3513C7822AF9230B0044D80B /* AuthView.swift in Sources */ = {isa = PBXBuildFile; fileRef = 3513C7812AF9230B0044D80B /* AuthView.swift */; };
		3513C7842AF9242F0044D80B /* AuthViewData.swift in Sources */ = {isa = PBXBuildFile; fileRef = 3513C7832AF9242F0044D80B /* AuthViewData.swift */; };
		3513C7862AF924570044D80B /* AuthDataProvider.swift in Sources */ = {isa = PBXBuildFile; fileRef = 3513C7852AF924570044D80B /* AuthDataProvider.swift */; };
		3513C7882AF924B60044D80B /* AuthAssembly.swift in Sources */ = {isa = PBXBuildFile; fileRef = 3513C7872AF924B60044D80B /* AuthAssembly.swift */; };
		3513C78A2AF9260F0044D80B /* AuthCoordinator.swift in Sources */ = {isa = PBXBuildFile; fileRef = 3513C7892AF9260F0044D80B /* AuthCoordinator.swift */; };
		3513C78D2AFD12BB0044D80B /* SplashDataProvider.swift in Sources */ = {isa = PBXBuildFile; fileRef = 3513C78C2AFD12BB0044D80B /* SplashDataProvider.swift */; };
		3513C78F2AFD12EC0044D80B /* SplashView.swift in Sources */ = {isa = PBXBuildFile; fileRef = 3513C78E2AFD12EC0044D80B /* SplashView.swift */; };
		3513C7912AFD130E0044D80B /* SplashViewData.swift in Sources */ = {isa = PBXBuildFile; fileRef = 3513C7902AFD130E0044D80B /* SplashViewData.swift */; };
		3513C7932AFD13330044D80B /* SplashCoordinator.swift in Sources */ = {isa = PBXBuildFile; fileRef = 3513C7922AFD13330044D80B /* SplashCoordinator.swift */; };
		3513C7952AFD13740044D80B /* SplashViewController.swift in Sources */ = {isa = PBXBuildFile; fileRef = 3513C7942AFD13740044D80B /* SplashViewController.swift */; };
		3513C7972AFD13EB0044D80B /* SplashAssembly.swift in Sources */ = {isa = PBXBuildFile; fileRef = 3513C7962AFD13EB0044D80B /* SplashAssembly.swift */; };
		3513C7A82B0251470044D80B /* Location.swift in Sources */ = {isa = PBXBuildFile; fileRef = 3513C7A72B0251470044D80B /* Location.swift */; };
		3513C7AA2B0259C60044D80B /* LocationsList.swift in Sources */ = {isa = PBXBuildFile; fileRef = 3513C7A92B0259C60044D80B /* LocationsList.swift */; };
		3513C7AC2B025A3A0044D80B /* TokenResponse.swift in Sources */ = {isa = PBXBuildFile; fileRef = 3513C7AB2B025A3A0044D80B /* TokenResponse.swift */; };
		3513C7B02B025AF00044D80B /* ApiClient.swift in Sources */ = {isa = PBXBuildFile; fileRef = 3513C7AF2B025AF00044D80B /* ApiClient.swift */; };
		3513C7B22B025B680044D80B /* NetworkConstants.swift in Sources */ = {isa = PBXBuildFile; fileRef = 3513C7B12B025B680044D80B /* NetworkConstants.swift */; };
		3513C7B42B025CB00044D80B /* ApiError.swift in Sources */ = {isa = PBXBuildFile; fileRef = 3513C7B32B025CB00044D80B /* ApiError.swift */; };
		3513C7B62B0260110044D80B /* AuthApiClient.swift in Sources */ = {isa = PBXBuildFile; fileRef = 3513C7B52B0260110044D80B /* AuthApiClient.swift */; };
		3513C7C32B048C330044D80B /* RegistrationCoordinator.swift in Sources */ = {isa = PBXBuildFile; fileRef = 3513C7BD2B048C330044D80B /* RegistrationCoordinator.swift */; };
		3513C7C42B048C330044D80B /* RegistrationViewData.swift in Sources */ = {isa = PBXBuildFile; fileRef = 3513C7BE2B048C330044D80B /* RegistrationViewData.swift */; };
		3513C7C52B048C330044D80B /* RegistrationAssembly.swift in Sources */ = {isa = PBXBuildFile; fileRef = 3513C7BF2B048C330044D80B /* RegistrationAssembly.swift */; };
		3513C7C62B048C330044D80B /* RegistrationDataProvider.swift in Sources */ = {isa = PBXBuildFile; fileRef = 3513C7C02B048C330044D80B /* RegistrationDataProvider.swift */; };
		3513C7C72B048C330044D80B /* RegistrationView.swift in Sources */ = {isa = PBXBuildFile; fileRef = 3513C7C12B048C330044D80B /* RegistrationView.swift */; };
		3513C7C82B048C330044D80B /* RegistrationViewController.swift in Sources */ = {isa = PBXBuildFile; fileRef = 3513C7C22B048C330044D80B /* RegistrationViewController.swift */; };
		3513C7CB2B06408F0044D80B /* BaseViewController.swift in Sources */ = {isa = PBXBuildFile; fileRef = 3513C7CA2B06408F0044D80B /* BaseViewController.swift */; };
		3513C7CE2B0642E80044D80B /* AuthViewImp.xib in Resources */ = {isa = PBXBuildFile; fileRef = 3513C7CD2B0642E80044D80B /* AuthViewImp.xib */; };
		3513C7D32B0A0E5C0044D80B /* RegistrationViewImp.xib in Resources */ = {isa = PBXBuildFile; fileRef = 3513C7D22B0A0E5C0044D80B /* RegistrationViewImp.xib */; };
		3513C7D62B0B2D870044D80B /* RegistrationApiClient.swift in Sources */ = {isa = PBXBuildFile; fileRef = 3513C7D52B0B2D870044D80B /* RegistrationApiClient.swift */; };

		352604402B14D1EF00EDD6ED /* LocationCell.swift in Sources */ = {isa = PBXBuildFile; fileRef = 3526043E2B14D1EF00EDD6ED /* LocationCell.swift */; };
		352604412B14D1EF00EDD6ED /* LocationCell.xib in Resources */ = {isa = PBXBuildFile; fileRef = 3526043F2B14D1EF00EDD6ED /* LocationCell.xib */; };
		352604432B14D4DB00EDD6ED /* LocationsCellData.swift in Sources */ = {isa = PBXBuildFile; fileRef = 352604422B14D4DB00EDD6ED /* LocationsCellData.swift */; };
		352604462B14D7AD00EDD6ED /* NSObject+ClassName.swift in Sources */ = {isa = PBXBuildFile; fileRef = 352604452B14D7AD00EDD6ED /* NSObject+ClassName.swift */; };

		359CCE452AE119D20079EEA1 /* AppDelegate.swift in Sources */ = {isa = PBXBuildFile; fileRef = 359CCE442AE119D20079EEA1 /* AppDelegate.swift */; };
		359CCE472AE119D20079EEA1 /* SceneDelegate.swift in Sources */ = {isa = PBXBuildFile; fileRef = 359CCE462AE119D20079EEA1 /* SceneDelegate.swift */; };
		359CCE4E2AE119D30079EEA1 /* Assets.xcassets in Resources */ = {isa = PBXBuildFile; fileRef = 359CCE4D2AE119D30079EEA1 /* Assets.xcassets */; };
		359CCE512AE119D30079EEA1 /* LaunchScreen.storyboard in Resources */ = {isa = PBXBuildFile; fileRef = 359CCE4F2AE119D30079EEA1 /* LaunchScreen.storyboard */; };
		35D05E592AE69BD700E10B2A /* ColorGenerator.swift in Sources */ = {isa = PBXBuildFile; fileRef = 35D05E582AE69BD700E10B2A /* ColorGenerator.swift */; };
		35D05E5F2AEAA5CE00E10B2A /* Assembly.swift in Sources */ = {isa = PBXBuildFile; fileRef = 35D05E5E2AEAA5CE00E10B2A /* Assembly.swift */; };
		35D5E4CC2B0F884000E44F0A /* TapBarController.swift in Sources */ = {isa = PBXBuildFile; fileRef = 35D5E4CB2B0F884000E44F0A /* TapBarController.swift */; };
		35D5E4CF2B0F88A300E44F0A /* RootTab.swift in Sources */ = {isa = PBXBuildFile; fileRef = 35D5E4CE2B0F88A300E44F0A /* RootTab.swift */; };
		35D5E4D12B0F894900E44F0A /* BaseNavigationController.swift in Sources */ = {isa = PBXBuildFile; fileRef = 35D5E4D02B0F894900E44F0A /* BaseNavigationController.swift */; };
		35D5E4D42B0F925D00E44F0A /* SPIndicator in Frameworks */ = {isa = PBXBuildFile; productRef = 35D5E4D32B0F925D00E44F0A /* SPIndicator */; };
		35D5E4D72B0F957F00E44F0A /* PKHUD in Frameworks */ = {isa = PBXBuildFile; productRef = 35D5E4D62B0F957F00E44F0A /* PKHUD */; };

		35D5E4DA2B0FC0D800E44F0A /* SplashViewImp.xib in Resources */ = {isa = PBXBuildFile; fileRef = 35D5E4D92B0FC0D800E44F0A /* SplashViewImp.xib */; };

		35E1C4722B0CC1B900A66EE5 /* LocationsApiClient.swift in Sources */ = {isa = PBXBuildFile; fileRef = 35E1C4712B0CC1B900A66EE5 /* LocationsApiClient.swift */; };
		35E1C4752B0CC37300A66EE5 /* LocationsViewController.swift in Sources */ = {isa = PBXBuildFile; fileRef = 35E1C4742B0CC37300A66EE5 /* LocationsViewController.swift */; };
		35E1C4772B0CC37A00A66EE5 /* LocationsView.swift in Sources */ = {isa = PBXBuildFile; fileRef = 35E1C4762B0CC37A00A66EE5 /* LocationsView.swift */; };
		35E1C4792B0CC38200A66EE5 /* LocationsViewData.swift in Sources */ = {isa = PBXBuildFile; fileRef = 35E1C4782B0CC38200A66EE5 /* LocationsViewData.swift */; };
		35E1C47B2B0CC38A00A66EE5 /* LocationsDataProvider.swift in Sources */ = {isa = PBXBuildFile; fileRef = 35E1C47A2B0CC38A00A66EE5 /* LocationsDataProvider.swift */; };
		35E1C47D2B0CC39A00A66EE5 /* LocationsAssembly.swift in Sources */ = {isa = PBXBuildFile; fileRef = 35E1C47C2B0CC39A00A66EE5 /* LocationsAssembly.swift */; };
		35E1C47F2B0CC3A200A66EE5 /* LocationsCoordinator.swift in Sources */ = {isa = PBXBuildFile; fileRef = 35E1C47E2B0CC3A200A66EE5 /* LocationsCoordinator.swift */; };
		35E1C4812B0CC5EB00A66EE5 /* CharacterApiClient.swift in Sources */ = {isa = PBXBuildFile; fileRef = 35E1C4802B0CC5EB00A66EE5 /* CharacterApiClient.swift */; };
		35E1C4832B0CC88600A66EE5 /* Character.swift in Sources */ = {isa = PBXBuildFile; fileRef = 35E1C4822B0CC88600A66EE5 /* Character.swift */; };
		35E1C4862B0CC97D00A66EE5 /* CharactersViewController.swift in Sources */ = {isa = PBXBuildFile; fileRef = 35E1C4852B0CC97D00A66EE5 /* CharactersViewController.swift */; };
		35E1C4882B0CC98000A66EE5 /* CharactersView.swift in Sources */ = {isa = PBXBuildFile; fileRef = 35E1C4872B0CC98000A66EE5 /* CharactersView.swift */; };
		35E1C48A2B0CC98600A66EE5 /* CharactersViewData.swift in Sources */ = {isa = PBXBuildFile; fileRef = 35E1C4892B0CC98600A66EE5 /* CharactersViewData.swift */; };
		35E1C48C2B0CC98E00A66EE5 /* CharactersDataProvider.swift in Sources */ = {isa = PBXBuildFile; fileRef = 35E1C48B2B0CC98E00A66EE5 /* CharactersDataProvider.swift */; };
		35E1C48E2B0CC99400A66EE5 /* CharactersAssembly.swift in Sources */ = {isa = PBXBuildFile; fileRef = 35E1C48D2B0CC99400A66EE5 /* CharactersAssembly.swift */; };
		35E1C4902B0CC99B00A66EE5 /* CharactersCoordinator.swift in Sources */ = {isa = PBXBuildFile; fileRef = 35E1C48F2B0CC99B00A66EE5 /* CharactersCoordinator.swift */; };

/* End PBXBuildFile section */

/* Begin PBXFileReference section */
		3513C7792AF9184E0044D80B /* BaseCoordinator.swift */ = {isa = PBXFileReference; lastKnownFileType = sourcecode.swift; path = BaseCoordinator.swift; sourceTree = "<group>"; };
		3513C77B2AF919370044D80B /* AppCoordinator.swift */ = {isa = PBXFileReference; lastKnownFileType = sourcecode.swift; path = AppCoordinator.swift; sourceTree = "<group>"; };
		3513C77F2AF922DE0044D80B /* AuthViewController.swift */ = {isa = PBXFileReference; lastKnownFileType = sourcecode.swift; path = AuthViewController.swift; sourceTree = "<group>"; };
		3513C7812AF9230B0044D80B /* AuthView.swift */ = {isa = PBXFileReference; lastKnownFileType = sourcecode.swift; path = AuthView.swift; sourceTree = "<group>"; };
		3513C7832AF9242F0044D80B /* AuthViewData.swift */ = {isa = PBXFileReference; lastKnownFileType = sourcecode.swift; path = AuthViewData.swift; sourceTree = "<group>"; };
		3513C7852AF924570044D80B /* AuthDataProvider.swift */ = {isa = PBXFileReference; lastKnownFileType = sourcecode.swift; path = AuthDataProvider.swift; sourceTree = "<group>"; };
		3513C7872AF924B60044D80B /* AuthAssembly.swift */ = {isa = PBXFileReference; lastKnownFileType = sourcecode.swift; path = AuthAssembly.swift; sourceTree = "<group>"; };
		3513C7892AF9260F0044D80B /* AuthCoordinator.swift */ = {isa = PBXFileReference; lastKnownFileType = sourcecode.swift; path = AuthCoordinator.swift; sourceTree = "<group>"; };
		3513C78C2AFD12BB0044D80B /* SplashDataProvider.swift */ = {isa = PBXFileReference; lastKnownFileType = sourcecode.swift; path = SplashDataProvider.swift; sourceTree = "<group>"; };
		3513C78E2AFD12EC0044D80B /* SplashView.swift */ = {isa = PBXFileReference; lastKnownFileType = sourcecode.swift; path = SplashView.swift; sourceTree = "<group>"; };
		3513C7902AFD130E0044D80B /* SplashViewData.swift */ = {isa = PBXFileReference; lastKnownFileType = sourcecode.swift; path = SplashViewData.swift; sourceTree = "<group>"; };
		3513C7922AFD13330044D80B /* SplashCoordinator.swift */ = {isa = PBXFileReference; lastKnownFileType = sourcecode.swift; path = SplashCoordinator.swift; sourceTree = "<group>"; };
		3513C7942AFD13740044D80B /* SplashViewController.swift */ = {isa = PBXFileReference; lastKnownFileType = sourcecode.swift; path = SplashViewController.swift; sourceTree = "<group>"; };
		3513C7962AFD13EB0044D80B /* SplashAssembly.swift */ = {isa = PBXFileReference; lastKnownFileType = sourcecode.swift; path = SplashAssembly.swift; sourceTree = "<group>"; };
		3513C7A72B0251470044D80B /* Location.swift */ = {isa = PBXFileReference; lastKnownFileType = sourcecode.swift; path = Location.swift; sourceTree = "<group>"; };
		3513C7A92B0259C60044D80B /* LocationsList.swift */ = {isa = PBXFileReference; lastKnownFileType = sourcecode.swift; path = LocationsList.swift; sourceTree = "<group>"; };
		3513C7AB2B025A3A0044D80B /* TokenResponse.swift */ = {isa = PBXFileReference; lastKnownFileType = sourcecode.swift; path = TokenResponse.swift; sourceTree = "<group>"; };
		3513C7AF2B025AF00044D80B /* ApiClient.swift */ = {isa = PBXFileReference; lastKnownFileType = sourcecode.swift; path = ApiClient.swift; sourceTree = "<group>"; };
		3513C7B12B025B680044D80B /* NetworkConstants.swift */ = {isa = PBXFileReference; lastKnownFileType = sourcecode.swift; path = NetworkConstants.swift; sourceTree = "<group>"; };
		3513C7B32B025CB00044D80B /* ApiError.swift */ = {isa = PBXFileReference; lastKnownFileType = sourcecode.swift; path = ApiError.swift; sourceTree = "<group>"; };
		3513C7B52B0260110044D80B /* AuthApiClient.swift */ = {isa = PBXFileReference; lastKnownFileType = sourcecode.swift; path = AuthApiClient.swift; sourceTree = "<group>"; };
		3513C7BD2B048C330044D80B /* RegistrationCoordinator.swift */ = {isa = PBXFileReference; fileEncoding = 4; lastKnownFileType = sourcecode.swift; path = RegistrationCoordinator.swift; sourceTree = "<group>"; };
		3513C7BE2B048C330044D80B /* RegistrationViewData.swift */ = {isa = PBXFileReference; fileEncoding = 4; lastKnownFileType = sourcecode.swift; path = RegistrationViewData.swift; sourceTree = "<group>"; };
		3513C7BF2B048C330044D80B /* RegistrationAssembly.swift */ = {isa = PBXFileReference; fileEncoding = 4; lastKnownFileType = sourcecode.swift; path = RegistrationAssembly.swift; sourceTree = "<group>"; };
		3513C7C02B048C330044D80B /* RegistrationDataProvider.swift */ = {isa = PBXFileReference; fileEncoding = 4; lastKnownFileType = sourcecode.swift; path = RegistrationDataProvider.swift; sourceTree = "<group>"; };
		3513C7C12B048C330044D80B /* RegistrationView.swift */ = {isa = PBXFileReference; fileEncoding = 4; lastKnownFileType = sourcecode.swift; path = RegistrationView.swift; sourceTree = "<group>"; };
		3513C7C22B048C330044D80B /* RegistrationViewController.swift */ = {isa = PBXFileReference; fileEncoding = 4; lastKnownFileType = sourcecode.swift; path = RegistrationViewController.swift; sourceTree = "<group>"; };
		3513C7CA2B06408F0044D80B /* BaseViewController.swift */ = {isa = PBXFileReference; lastKnownFileType = sourcecode.swift; path = BaseViewController.swift; sourceTree = "<group>"; };
		3513C7CD2B0642E80044D80B /* AuthViewImp.xib */ = {isa = PBXFileReference; lastKnownFileType = file.xib; path = AuthViewImp.xib; sourceTree = "<group>"; };
		3513C7D22B0A0E5C0044D80B /* RegistrationViewImp.xib */ = {isa = PBXFileReference; lastKnownFileType = file.xib; path = RegistrationViewImp.xib; sourceTree = "<group>"; };
		3513C7D52B0B2D870044D80B /* RegistrationApiClient.swift */ = {isa = PBXFileReference; lastKnownFileType = sourcecode.swift; path = RegistrationApiClient.swift; sourceTree = "<group>"; };
		3526043E2B14D1EF00EDD6ED /* LocationCell.swift */ = {isa = PBXFileReference; lastKnownFileType = sourcecode.swift; path = LocationCell.swift; sourceTree = "<group>"; };
		3526043F2B14D1EF00EDD6ED /* LocationCell.xib */ = {isa = PBXFileReference; lastKnownFileType = file.xib; path = LocationCell.xib; sourceTree = "<group>"; };
		352604422B14D4DB00EDD6ED /* LocationsCellData.swift */ = {isa = PBXFileReference; lastKnownFileType = sourcecode.swift; path = LocationsCellData.swift; sourceTree = "<group>"; };
		352604452B14D7AD00EDD6ED /* NSObject+ClassName.swift */ = {isa = PBXFileReference; lastKnownFileType = sourcecode.swift; path = "NSObject+ClassName.swift"; sourceTree = "<group>"; };
		359CCE412AE119D20079EEA1 /* iosSchool_HxH.app */ = {isa = PBXFileReference; explicitFileType = wrapper.application; includeInIndex = 0; path = iosSchool_HxH.app; sourceTree = BUILT_PRODUCTS_DIR; };
		359CCE442AE119D20079EEA1 /* AppDelegate.swift */ = {isa = PBXFileReference; lastKnownFileType = sourcecode.swift; path = AppDelegate.swift; sourceTree = "<group>"; };
		359CCE462AE119D20079EEA1 /* SceneDelegate.swift */ = {isa = PBXFileReference; lastKnownFileType = sourcecode.swift; path = SceneDelegate.swift; sourceTree = "<group>"; };
		359CCE4D2AE119D30079EEA1 /* Assets.xcassets */ = {isa = PBXFileReference; lastKnownFileType = folder.assetcatalog; path = Assets.xcassets; sourceTree = "<group>"; };
		359CCE502AE119D30079EEA1 /* Base */ = {isa = PBXFileReference; lastKnownFileType = file.storyboard; name = Base; path = Base.lproj/LaunchScreen.storyboard; sourceTree = "<group>"; };
		359CCE522AE119D30079EEA1 /* Info.plist */ = {isa = PBXFileReference; lastKnownFileType = text.plist.xml; path = Info.plist; sourceTree = "<group>"; };
		35D05E582AE69BD700E10B2A /* ColorGenerator.swift */ = {isa = PBXFileReference; lastKnownFileType = sourcecode.swift; path = ColorGenerator.swift; sourceTree = "<group>"; };
		35D05E5E2AEAA5CE00E10B2A /* Assembly.swift */ = {isa = PBXFileReference; lastKnownFileType = sourcecode.swift; path = Assembly.swift; sourceTree = "<group>"; };
		35D5E4CB2B0F884000E44F0A /* TapBarController.swift */ = {isa = PBXFileReference; lastKnownFileType = sourcecode.swift; path = TapBarController.swift; sourceTree = "<group>"; };
		35D5E4CE2B0F88A300E44F0A /* RootTab.swift */ = {isa = PBXFileReference; lastKnownFileType = sourcecode.swift; path = RootTab.swift; sourceTree = "<group>"; };
		35D5E4D02B0F894900E44F0A /* BaseNavigationController.swift */ = {isa = PBXFileReference; lastKnownFileType = sourcecode.swift; path = BaseNavigationController.swift; sourceTree = "<group>"; };

		35D5E4D92B0FC0D800E44F0A /* SplashViewImp.xib */ = {isa = PBXFileReference; lastKnownFileType = file.xib; path = SplashViewImp.xib; sourceTree = "<group>"; };

		35E1C4712B0CC1B900A66EE5 /* LocationsApiClient.swift */ = {isa = PBXFileReference; lastKnownFileType = sourcecode.swift; path = LocationsApiClient.swift; sourceTree = "<group>"; };
		35E1C4742B0CC37300A66EE5 /* LocationsViewController.swift */ = {isa = PBXFileReference; lastKnownFileType = sourcecode.swift; path = LocationsViewController.swift; sourceTree = "<group>"; };
		35E1C4762B0CC37A00A66EE5 /* LocationsView.swift */ = {isa = PBXFileReference; lastKnownFileType = sourcecode.swift; path = LocationsView.swift; sourceTree = "<group>"; };
		35E1C4782B0CC38200A66EE5 /* LocationsViewData.swift */ = {isa = PBXFileReference; lastKnownFileType = sourcecode.swift; path = LocationsViewData.swift; sourceTree = "<group>"; };
		35E1C47A2B0CC38A00A66EE5 /* LocationsDataProvider.swift */ = {isa = PBXFileReference; lastKnownFileType = sourcecode.swift; path = LocationsDataProvider.swift; sourceTree = "<group>"; };
		35E1C47C2B0CC39A00A66EE5 /* LocationsAssembly.swift */ = {isa = PBXFileReference; lastKnownFileType = sourcecode.swift; path = LocationsAssembly.swift; sourceTree = "<group>"; };
		35E1C47E2B0CC3A200A66EE5 /* LocationsCoordinator.swift */ = {isa = PBXFileReference; lastKnownFileType = sourcecode.swift; path = LocationsCoordinator.swift; sourceTree = "<group>"; };
		35E1C4802B0CC5EB00A66EE5 /* CharacterApiClient.swift */ = {isa = PBXFileReference; lastKnownFileType = sourcecode.swift; path = CharacterApiClient.swift; sourceTree = "<group>"; };
		35E1C4822B0CC88600A66EE5 /* Character.swift */ = {isa = PBXFileReference; lastKnownFileType = sourcecode.swift; path = Character.swift; sourceTree = "<group>"; };
		35E1C4852B0CC97D00A66EE5 /* CharactersViewController.swift */ = {isa = PBXFileReference; lastKnownFileType = sourcecode.swift; path = CharactersViewController.swift; sourceTree = "<group>"; };
		35E1C4872B0CC98000A66EE5 /* CharactersView.swift */ = {isa = PBXFileReference; lastKnownFileType = sourcecode.swift; path = CharactersView.swift; sourceTree = "<group>"; };
		35E1C4892B0CC98600A66EE5 /* CharactersViewData.swift */ = {isa = PBXFileReference; lastKnownFileType = sourcecode.swift; path = CharactersViewData.swift; sourceTree = "<group>"; };
		35E1C48B2B0CC98E00A66EE5 /* CharactersDataProvider.swift */ = {isa = PBXFileReference; lastKnownFileType = sourcecode.swift; path = CharactersDataProvider.swift; sourceTree = "<group>"; };
		35E1C48D2B0CC99400A66EE5 /* CharactersAssembly.swift */ = {isa = PBXFileReference; lastKnownFileType = sourcecode.swift; path = CharactersAssembly.swift; sourceTree = "<group>"; };
		35E1C48F2B0CC99B00A66EE5 /* CharactersCoordinator.swift */ = {isa = PBXFileReference; lastKnownFileType = sourcecode.swift; path = CharactersCoordinator.swift; sourceTree = "<group>"; };

/* End PBXFileReference section */

/* Begin PBXFrameworksBuildPhase section */
		359CCE3E2AE119D20079EEA1 /* Frameworks */ = {
			isa = PBXFrameworksBuildPhase;
			buildActionMask = 2147483647;
			files = (
				35D5E4D42B0F925D00E44F0A /* SPIndicator in Frameworks */,
				35D5E4D72B0F957F00E44F0A /* PKHUD in Frameworks */,
			);
			runOnlyForDeploymentPostprocessing = 0;
		};
/* End PBXFrameworksBuildPhase section */

/* Begin PBXGroup section */
		3513C77D2AF9222E0044D80B /* Modules */ = {
			isa = PBXGroup;
			children = (
				3513C77E2AF922540044D80B /* Auth */,
				35E1C4842B0CC95E00A66EE5 /* Characters */,
				35E1C4732B0CC32700A66EE5 /* Locations */,
				3513C7BC2B048C160044D80B /* Registration */,
				3513C78B2AFD12880044D80B /* Splash */,
			);
			path = Modules;
			sourceTree = "<group>";
		};
		3513C77E2AF922540044D80B /* Auth */ = {
			isa = PBXGroup;
			children = (
				3513C7CC2B0642C10044D80B /* Subviews */,
				3513C77F2AF922DE0044D80B /* AuthViewController.swift */,
				3513C7812AF9230B0044D80B /* AuthView.swift */,
				3513C7832AF9242F0044D80B /* AuthViewData.swift */,
				3513C7852AF924570044D80B /* AuthDataProvider.swift */,
				3513C7872AF924B60044D80B /* AuthAssembly.swift */,
				3513C7892AF9260F0044D80B /* AuthCoordinator.swift */,
			);
			path = Auth;
			sourceTree = "<group>";
		};
		3513C78B2AFD12880044D80B /* Splash */ = {
			isa = PBXGroup;
			children = (
				35D5E4D82B0FC07300E44F0A /* Subviews */,
				3513C7942AFD13740044D80B /* SplashViewController.swift */,
				3513C78E2AFD12EC0044D80B /* SplashView.swift */,
				3513C7902AFD130E0044D80B /* SplashViewData.swift */,
				3513C78C2AFD12BB0044D80B /* SplashDataProvider.swift */,
				3513C7922AFD13330044D80B /* SplashCoordinator.swift */,
				3513C7962AFD13EB0044D80B /* SplashAssembly.swift */,
			);
			path = Splash;
			sourceTree = "<group>";
		};
		3513C7A62B0251200044D80B /* Models */ = {
			isa = PBXGroup;
			children = (
				3513C7A72B0251470044D80B /* Location.swift */,
				3513C7A92B0259C60044D80B /* LocationsList.swift */,
				3513C7AB2B025A3A0044D80B /* TokenResponse.swift */,
				35E1C4822B0CC88600A66EE5 /* Character.swift */,
			);
			path = Models;
			sourceTree = "<group>";
		};
		3513C7AE2B025AE80044D80B /* ApiClient */ = {
			isa = PBXGroup;
			children = (
				3513C7AF2B025AF00044D80B /* ApiClient.swift */,
				3513C7B12B025B680044D80B /* NetworkConstants.swift */,
				3513C7B32B025CB00044D80B /* ApiError.swift */,
				3513C7B52B0260110044D80B /* AuthApiClient.swift */,
				3513C7D52B0B2D870044D80B /* RegistrationApiClient.swift */,
				35E1C4712B0CC1B900A66EE5 /* LocationsApiClient.swift */,
				35E1C4802B0CC5EB00A66EE5 /* CharacterApiClient.swift */,
			);
			path = ApiClient;
			sourceTree = "<group>";
		};
		3513C7BC2B048C160044D80B /* Registration */ = {
			isa = PBXGroup;
			children = (
				3513C7D12B0A0E370044D80B /* Subviews */,
				3513C7C22B048C330044D80B /* RegistrationViewController.swift */,
				3513C7C12B048C330044D80B /* RegistrationView.swift */,
				3513C7BE2B048C330044D80B /* RegistrationViewData.swift */,
				3513C7C02B048C330044D80B /* RegistrationDataProvider.swift */,
				3513C7BF2B048C330044D80B /* RegistrationAssembly.swift */,
				3513C7BD2B048C330044D80B /* RegistrationCoordinator.swift */,
			);
			path = Registration;
			sourceTree = "<group>";
		};
		3513C7C92B06406B0044D80B /* Common */ = {
			isa = PBXGroup;
			children = (
				3513C7792AF9184E0044D80B /* BaseCoordinator.swift */,
				3513C7CA2B06408F0044D80B /* BaseViewController.swift */,
				35D5E4CB2B0F884000E44F0A /* TapBarController.swift */,
				35D5E4D02B0F894900E44F0A /* BaseNavigationController.swift */,
			);
			path = Common;
			sourceTree = "<group>";
		};
		3513C7CC2B0642C10044D80B /* Subviews */ = {
			isa = PBXGroup;
			children = (
				3513C7CD2B0642E80044D80B /* AuthViewImp.xib */,
			);
			path = Subviews;
			sourceTree = "<group>";
		};
		3513C7D12B0A0E370044D80B /* Subviews */ = {
			isa = PBXGroup;
			children = (
				3513C7D22B0A0E5C0044D80B /* RegistrationViewImp.xib */,
			);
			path = Subviews;
			sourceTree = "<group>";
		};
		3526043D2B14D1BF00EDD6ED /* Subviews */ = {
			isa = PBXGroup;
			children = (
				3526043E2B14D1EF00EDD6ED /* LocationCell.swift */,
				3526043F2B14D1EF00EDD6ED /* LocationCell.xib */,
				352604422B14D4DB00EDD6ED /* LocationsCellData.swift */,
			);
			path = Subviews;
			sourceTree = "<group>";
		};
		352604442B14D79900EDD6ED /* Extensions */ = {
			isa = PBXGroup;
			children = (
				352604452B14D7AD00EDD6ED /* NSObject+ClassName.swift */,
			);
			path = Extensions;
			sourceTree = "<group>";
		};
		359CCE382AE119D20079EEA1 = {
			isa = PBXGroup;
			children = (
				359CCE432AE119D20079EEA1 /* iosSchool_HxH */,
				359CCE422AE119D20079EEA1 /* Products */,
			);
			sourceTree = "<group>";
		};
		359CCE422AE119D20079EEA1 /* Products */ = {
			isa = PBXGroup;
			children = (
				359CCE412AE119D20079EEA1 /* iosSchool_HxH.app */,
			);
			name = Products;
			sourceTree = "<group>";
		};
		359CCE432AE119D20079EEA1 /* iosSchool_HxH */ = {
			isa = PBXGroup;
			children = (
				352604442B14D79900EDD6ED /* Extensions */,
				35D5E4CD2B0F889200E44F0A /* UIKit */,
				3513C7C92B06406B0044D80B /* Common */,
				3513C7AE2B025AE80044D80B /* ApiClient */,
				3513C7A62B0251200044D80B /* Models */,
				3513C77D2AF9222E0044D80B /* Modules */,
				359CCE442AE119D20079EEA1 /* AppDelegate.swift */,
				359CCE462AE119D20079EEA1 /* SceneDelegate.swift */,
				35D05E582AE69BD700E10B2A /* ColorGenerator.swift */,
				359CCE4D2AE119D30079EEA1 /* Assets.xcassets */,
				359CCE4F2AE119D30079EEA1 /* LaunchScreen.storyboard */,
				359CCE522AE119D30079EEA1 /* Info.plist */,
				35D05E5E2AEAA5CE00E10B2A /* Assembly.swift */,
				3513C77B2AF919370044D80B /* AppCoordinator.swift */,
			);
			path = iosSchool_HxH;
			sourceTree = "<group>";
		};
		35D5E4CD2B0F889200E44F0A /* UIKit */ = {
			isa = PBXGroup;
			children = (
				35D5E4CE2B0F88A300E44F0A /* RootTab.swift */,
			);
			path = UIKit;
			sourceTree = "<group>";
		};
		35E1C4732B0CC32700A66EE5 /* Locations */ = {
			isa = PBXGroup;
			children = (
				3526043D2B14D1BF00EDD6ED /* Subviews */,
				35E1C4742B0CC37300A66EE5 /* LocationsViewController.swift */,
				35E1C4762B0CC37A00A66EE5 /* LocationsView.swift */,
				35E1C4782B0CC38200A66EE5 /* LocationsViewData.swift */,
				35E1C47A2B0CC38A00A66EE5 /* LocationsDataProvider.swift */,
				35E1C47C2B0CC39A00A66EE5 /* LocationsAssembly.swift */,
				35E1C47E2B0CC3A200A66EE5 /* LocationsCoordinator.swift */,
			);
			path = Locations;
			sourceTree = "<group>";
		};
		35E1C4842B0CC95E00A66EE5 /* Characters */ = {
			isa = PBXGroup;
			children = (
				35E1C4852B0CC97D00A66EE5 /* CharactersViewController.swift */,
				35E1C4872B0CC98000A66EE5 /* CharactersView.swift */,
				35E1C4892B0CC98600A66EE5 /* CharactersViewData.swift */,
				35E1C48B2B0CC98E00A66EE5 /* CharactersDataProvider.swift */,
				35E1C48D2B0CC99400A66EE5 /* CharactersAssembly.swift */,
				35E1C48F2B0CC99B00A66EE5 /* CharactersCoordinator.swift */,
			);
			path = Characters;
			sourceTree = "<group>";
		};
		35D5E4D82B0FC07300E44F0A /* Subviews */ = {
			isa = PBXGroup;
			children = (
				35D5E4D92B0FC0D800E44F0A /* SplashViewImp.xib */,
			);
			path = Subviews;
			sourceTree = "<group>";
		};
/* End PBXGroup section */

/* Begin PBXNativeTarget section */
		359CCE402AE119D20079EEA1 /* iosSchool_HxH */ = {
			isa = PBXNativeTarget;
			buildConfigurationList = 359CCE552AE119D30079EEA1 /* Build configuration list for PBXNativeTarget "iosSchool_HxH" */;
			buildPhases = (
				359CCE3D2AE119D20079EEA1 /* Sources */,
				359CCE3E2AE119D20079EEA1 /* Frameworks */,
				359CCE3F2AE119D20079EEA1 /* Resources */,
				35D05E5A2AE6AB0000E10B2A /* SwiftLint */,
			);
			buildRules = (
			);
			dependencies = (
			);
			name = iosSchool_HxH;
			packageProductDependencies = (
				35D5E4D32B0F925D00E44F0A /* SPIndicator */,
				35D5E4D62B0F957F00E44F0A /* PKHUD */,
			);
			productName = iosSchool_HxH;
			productReference = 359CCE412AE119D20079EEA1 /* iosSchool_HxH.app */;
			productType = "com.apple.product-type.application";
		};
/* End PBXNativeTarget section */

/* Begin PBXProject section */
		359CCE392AE119D20079EEA1 /* Project object */ = {
			isa = PBXProject;
			attributes = {
				BuildIndependentTargetsInParallel = 1;
				LastSwiftUpdateCheck = 1430;
				LastUpgradeCheck = 1430;
				TargetAttributes = {
					359CCE402AE119D20079EEA1 = {
						CreatedOnToolsVersion = 14.3.1;
					};
				};
			};
			buildConfigurationList = 359CCE3C2AE119D20079EEA1 /* Build configuration list for PBXProject "iosSchool_HxH" */;
			compatibilityVersion = "Xcode 14.0";
			developmentRegion = en;
			hasScannedForEncodings = 0;
			knownRegions = (
				en,
				Base,
			);
			mainGroup = 359CCE382AE119D20079EEA1;
			packageReferences = (
				35D5E4D22B0F925D00E44F0A /* XCRemoteSwiftPackageReference "SPIndicator" */,
				35D5E4D52B0F957F00E44F0A /* XCRemoteSwiftPackageReference "PKHUD" */,
			);
			productRefGroup = 359CCE422AE119D20079EEA1 /* Products */;
			projectDirPath = "";
			projectRoot = "";
			targets = (
				359CCE402AE119D20079EEA1 /* iosSchool_HxH */,
			);
		};
/* End PBXProject section */

/* Begin PBXResourcesBuildPhase section */
		359CCE3F2AE119D20079EEA1 /* Resources */ = {
			isa = PBXResourcesBuildPhase;
			buildActionMask = 2147483647;
			files = (
				352604412B14D1EF00EDD6ED /* LocationCell.xib in Resources */,
				3513C7D32B0A0E5C0044D80B /* RegistrationViewImp.xib in Resources */,
				359CCE512AE119D30079EEA1 /* LaunchScreen.storyboard in Resources */,
				359CCE4E2AE119D30079EEA1 /* Assets.xcassets in Resources */,
				35D5E4DA2B0FC0D800E44F0A /* SplashViewImp.xib in Resources */,
				3513C7CE2B0642E80044D80B /* AuthViewImp.xib in Resources */,
			);
			runOnlyForDeploymentPostprocessing = 0;
		};
/* End PBXResourcesBuildPhase section */

/* Begin PBXShellScriptBuildPhase section */
		35D05E5A2AE6AB0000E10B2A /* SwiftLint */ = {
			isa = PBXShellScriptBuildPhase;
			alwaysOutOfDate = 1;
			buildActionMask = 2147483647;
			files = (
			);
			inputFileListPaths = (
			);
			inputPaths = (
			);
			name = SwiftLint;
			outputFileListPaths = (
			);
			outputPaths = (
			);
			runOnlyForDeploymentPostprocessing = 0;
			shellPath = /bin/sh;
			shellScript = "export PATH=\"$PATH:/opt/homebrew/bin\"\nif which swiftlint > /dev/null; then\n  swiftlint\nelse\n  echo \"warning: SwiftLint not installed\"\nfi\n";
			showEnvVarsInLog = 0;
		};
/* End PBXShellScriptBuildPhase section */

/* Begin PBXSourcesBuildPhase section */
		359CCE3D2AE119D20079EEA1 /* Sources */ = {
			isa = PBXSourcesBuildPhase;
			buildActionMask = 2147483647;
			files = (
				35D5E4CC2B0F884000E44F0A /* TapBarController.swift in Sources */,
				3513C78F2AFD12EC0044D80B /* SplashView.swift in Sources */,
				35D05E5F2AEAA5CE00E10B2A /* Assembly.swift in Sources */,
				3513C7C82B048C330044D80B /* RegistrationViewController.swift in Sources */,
				35E1C4722B0CC1B900A66EE5 /* LocationsApiClient.swift in Sources */,
				3513C7B62B0260110044D80B /* AuthApiClient.swift in Sources */,
				3513C7A82B0251470044D80B /* Location.swift in Sources */,
				35E1C47B2B0CC38A00A66EE5 /* LocationsDataProvider.swift in Sources */,
				35E1C4862B0CC97D00A66EE5 /* CharactersViewController.swift in Sources */,
				35E1C4792B0CC38200A66EE5 /* LocationsViewData.swift in Sources */,
				35E1C4752B0CC37300A66EE5 /* LocationsViewController.swift in Sources */,
				35D5E4CF2B0F88A300E44F0A /* RootTab.swift in Sources */,
				3513C7932AFD13330044D80B /* SplashCoordinator.swift in Sources */,
				35E1C4902B0CC99B00A66EE5 /* CharactersCoordinator.swift in Sources */,
				35E1C48E2B0CC99400A66EE5 /* CharactersAssembly.swift in Sources */,
				3513C7CB2B06408F0044D80B /* BaseViewController.swift in Sources */,
				35D05E592AE69BD700E10B2A /* ColorGenerator.swift in Sources */,
				35E1C4772B0CC37A00A66EE5 /* LocationsView.swift in Sources */,
				352604402B14D1EF00EDD6ED /* LocationCell.swift in Sources */,
				3513C7C72B048C330044D80B /* RegistrationView.swift in Sources */,
				3513C7C32B048C330044D80B /* RegistrationCoordinator.swift in Sources */,
				3513C7AA2B0259C60044D80B /* LocationsList.swift in Sources */,
				359CCE452AE119D20079EEA1 /* AppDelegate.swift in Sources */,
				3513C78A2AF9260F0044D80B /* AuthCoordinator.swift in Sources */,
				3513C7D62B0B2D870044D80B /* RegistrationApiClient.swift in Sources */,
				35D5E4D12B0F894900E44F0A /* BaseNavigationController.swift in Sources */,
				3513C77C2AF919370044D80B /* AppCoordinator.swift in Sources */,
				3513C77A2AF9184E0044D80B /* BaseCoordinator.swift in Sources */,
				3513C7B42B025CB00044D80B /* ApiError.swift in Sources */,
				3513C7B02B025AF00044D80B /* ApiClient.swift in Sources */,
				3513C7842AF9242F0044D80B /* AuthViewData.swift in Sources */,
				3513C7822AF9230B0044D80B /* AuthView.swift in Sources */,
				3513C7862AF924570044D80B /* AuthDataProvider.swift in Sources */,
				35E1C48C2B0CC98E00A66EE5 /* CharactersDataProvider.swift in Sources */,
				359CCE472AE119D20079EEA1 /* SceneDelegate.swift in Sources */,
				3513C7802AF922DE0044D80B /* AuthViewController.swift in Sources */,
				3513C7C52B048C330044D80B /* RegistrationAssembly.swift in Sources */,
				3513C7C42B048C330044D80B /* RegistrationViewData.swift in Sources */,
				35E1C47D2B0CC39A00A66EE5 /* LocationsAssembly.swift in Sources */,
				3513C7B22B025B680044D80B /* NetworkConstants.swift in Sources */,
				3513C7952AFD13740044D80B /* SplashViewController.swift in Sources */,
				3513C7C62B048C330044D80B /* RegistrationDataProvider.swift in Sources */,
				35E1C4832B0CC88600A66EE5 /* Character.swift in Sources */,
				352604462B14D7AD00EDD6ED /* NSObject+ClassName.swift in Sources */,
				3513C7912AFD130E0044D80B /* SplashViewData.swift in Sources */,
				3513C7882AF924B60044D80B /* AuthAssembly.swift in Sources */,
				352604432B14D4DB00EDD6ED /* LocationsCellData.swift in Sources */,
				3513C7972AFD13EB0044D80B /* SplashAssembly.swift in Sources */,
				35E1C47F2B0CC3A200A66EE5 /* LocationsCoordinator.swift in Sources */,
				35E1C4882B0CC98000A66EE5 /* CharactersView.swift in Sources */,
				3513C78D2AFD12BB0044D80B /* SplashDataProvider.swift in Sources */,
				35E1C48A2B0CC98600A66EE5 /* CharactersViewData.swift in Sources */,
				35E1C4812B0CC5EB00A66EE5 /* CharacterApiClient.swift in Sources */,
				3513C7AC2B025A3A0044D80B /* TokenResponse.swift in Sources */,
			);
			runOnlyForDeploymentPostprocessing = 0;
		};
/* End PBXSourcesBuildPhase section */

/* Begin PBXVariantGroup section */
		359CCE4F2AE119D30079EEA1 /* LaunchScreen.storyboard */ = {
			isa = PBXVariantGroup;
			children = (
				359CCE502AE119D30079EEA1 /* Base */,
			);
			name = LaunchScreen.storyboard;
			sourceTree = "<group>";
		};
/* End PBXVariantGroup section */

/* Begin XCBuildConfiguration section */
		359CCE532AE119D30079EEA1 /* Debug */ = {
			isa = XCBuildConfiguration;
			buildSettings = {
				ALWAYS_SEARCH_USER_PATHS = NO;
				CLANG_ANALYZER_NONNULL = YES;
				CLANG_ANALYZER_NUMBER_OBJECT_CONVERSION = YES_AGGRESSIVE;
				CLANG_CXX_LANGUAGE_STANDARD = "gnu++20";
				CLANG_ENABLE_MODULES = YES;
				CLANG_ENABLE_OBJC_ARC = YES;
				CLANG_ENABLE_OBJC_WEAK = YES;
				CLANG_WARN_BLOCK_CAPTURE_AUTORELEASING = YES;
				CLANG_WARN_BOOL_CONVERSION = YES;
				CLANG_WARN_COMMA = YES;
				CLANG_WARN_CONSTANT_CONVERSION = YES;
				CLANG_WARN_DEPRECATED_OBJC_IMPLEMENTATIONS = YES;
				CLANG_WARN_DIRECT_OBJC_ISA_USAGE = YES_ERROR;
				CLANG_WARN_DOCUMENTATION_COMMENTS = YES;
				CLANG_WARN_EMPTY_BODY = YES;
				CLANG_WARN_ENUM_CONVERSION = YES;
				CLANG_WARN_INFINITE_RECURSION = YES;
				CLANG_WARN_INT_CONVERSION = YES;
				CLANG_WARN_NON_LITERAL_NULL_CONVERSION = YES;
				CLANG_WARN_OBJC_IMPLICIT_RETAIN_SELF = YES;
				CLANG_WARN_OBJC_LITERAL_CONVERSION = YES;
				CLANG_WARN_OBJC_ROOT_CLASS = YES_ERROR;
				CLANG_WARN_QUOTED_INCLUDE_IN_FRAMEWORK_HEADER = YES;
				CLANG_WARN_RANGE_LOOP_ANALYSIS = YES;
				CLANG_WARN_STRICT_PROTOTYPES = YES;
				CLANG_WARN_SUSPICIOUS_MOVE = YES;
				CLANG_WARN_UNGUARDED_AVAILABILITY = YES_AGGRESSIVE;
				CLANG_WARN_UNREACHABLE_CODE = YES;
				CLANG_WARN__DUPLICATE_METHOD_MATCH = YES;
				COPY_PHASE_STRIP = NO;
				DEBUG_INFORMATION_FORMAT = dwarf;
				ENABLE_STRICT_OBJC_MSGSEND = YES;
				ENABLE_TESTABILITY = YES;
				GCC_C_LANGUAGE_STANDARD = gnu11;
				GCC_DYNAMIC_NO_PIC = NO;
				GCC_NO_COMMON_BLOCKS = YES;
				GCC_OPTIMIZATION_LEVEL = 0;
				GCC_PREPROCESSOR_DEFINITIONS = (
					"DEBUG=1",
					"$(inherited)",
				);
				GCC_WARN_64_TO_32_BIT_CONVERSION = YES;
				GCC_WARN_ABOUT_RETURN_TYPE = YES_ERROR;
				GCC_WARN_UNDECLARED_SELECTOR = YES;
				GCC_WARN_UNINITIALIZED_AUTOS = YES_AGGRESSIVE;
				GCC_WARN_UNUSED_FUNCTION = YES;
				GCC_WARN_UNUSED_VARIABLE = YES;
				IPHONEOS_DEPLOYMENT_TARGET = 16.4;
				MTL_ENABLE_DEBUG_INFO = INCLUDE_SOURCE;
				MTL_FAST_MATH = YES;
				ONLY_ACTIVE_ARCH = YES;
				SDKROOT = iphoneos;
				SWIFT_ACTIVE_COMPILATION_CONDITIONS = DEBUG;
				SWIFT_OPTIMIZATION_LEVEL = "-Onone";
			};
			name = Debug;
		};
		359CCE542AE119D30079EEA1 /* Release */ = {
			isa = XCBuildConfiguration;
			buildSettings = {
				ALWAYS_SEARCH_USER_PATHS = NO;
				CLANG_ANALYZER_NONNULL = YES;
				CLANG_ANALYZER_NUMBER_OBJECT_CONVERSION = YES_AGGRESSIVE;
				CLANG_CXX_LANGUAGE_STANDARD = "gnu++20";
				CLANG_ENABLE_MODULES = YES;
				CLANG_ENABLE_OBJC_ARC = YES;
				CLANG_ENABLE_OBJC_WEAK = YES;
				CLANG_WARN_BLOCK_CAPTURE_AUTORELEASING = YES;
				CLANG_WARN_BOOL_CONVERSION = YES;
				CLANG_WARN_COMMA = YES;
				CLANG_WARN_CONSTANT_CONVERSION = YES;
				CLANG_WARN_DEPRECATED_OBJC_IMPLEMENTATIONS = YES;
				CLANG_WARN_DIRECT_OBJC_ISA_USAGE = YES_ERROR;
				CLANG_WARN_DOCUMENTATION_COMMENTS = YES;
				CLANG_WARN_EMPTY_BODY = YES;
				CLANG_WARN_ENUM_CONVERSION = YES;
				CLANG_WARN_INFINITE_RECURSION = YES;
				CLANG_WARN_INT_CONVERSION = YES;
				CLANG_WARN_NON_LITERAL_NULL_CONVERSION = YES;
				CLANG_WARN_OBJC_IMPLICIT_RETAIN_SELF = YES;
				CLANG_WARN_OBJC_LITERAL_CONVERSION = YES;
				CLANG_WARN_OBJC_ROOT_CLASS = YES_ERROR;
				CLANG_WARN_QUOTED_INCLUDE_IN_FRAMEWORK_HEADER = YES;
				CLANG_WARN_RANGE_LOOP_ANALYSIS = YES;
				CLANG_WARN_STRICT_PROTOTYPES = YES;
				CLANG_WARN_SUSPICIOUS_MOVE = YES;
				CLANG_WARN_UNGUARDED_AVAILABILITY = YES_AGGRESSIVE;
				CLANG_WARN_UNREACHABLE_CODE = YES;
				CLANG_WARN__DUPLICATE_METHOD_MATCH = YES;
				COPY_PHASE_STRIP = NO;
				DEBUG_INFORMATION_FORMAT = "dwarf-with-dsym";
				ENABLE_NS_ASSERTIONS = NO;
				ENABLE_STRICT_OBJC_MSGSEND = YES;
				GCC_C_LANGUAGE_STANDARD = gnu11;
				GCC_NO_COMMON_BLOCKS = YES;
				GCC_WARN_64_TO_32_BIT_CONVERSION = YES;
				GCC_WARN_ABOUT_RETURN_TYPE = YES_ERROR;
				GCC_WARN_UNDECLARED_SELECTOR = YES;
				GCC_WARN_UNINITIALIZED_AUTOS = YES_AGGRESSIVE;
				GCC_WARN_UNUSED_FUNCTION = YES;
				GCC_WARN_UNUSED_VARIABLE = YES;
				IPHONEOS_DEPLOYMENT_TARGET = 16.4;
				MTL_ENABLE_DEBUG_INFO = NO;
				MTL_FAST_MATH = YES;
				SDKROOT = iphoneos;
				SWIFT_COMPILATION_MODE = wholemodule;
				SWIFT_OPTIMIZATION_LEVEL = "-O";
				VALIDATE_PRODUCT = YES;
			};
			name = Release;
		};
		359CCE562AE119D30079EEA1 /* Debug */ = {
			isa = XCBuildConfiguration;
			buildSettings = {
				ASSETCATALOG_COMPILER_APPICON_NAME = AppIcon;
				ASSETCATALOG_COMPILER_GLOBAL_ACCENT_COLOR_NAME = AccentColor;
				CODE_SIGN_STYLE = Automatic;
				CURRENT_PROJECT_VERSION = 1;
				DEVELOPMENT_TEAM = 7D5DULLXY6;
				GENERATE_INFOPLIST_FILE = YES;
				INFOPLIST_FILE = iosSchool_HxH/Info.plist;
				INFOPLIST_KEY_UIApplicationSupportsIndirectInputEvents = YES;
				INFOPLIST_KEY_UILaunchStoryboardName = LaunchScreen;
				INFOPLIST_KEY_UISupportedInterfaceOrientations_iPad = "UIInterfaceOrientationPortrait UIInterfaceOrientationPortraitUpsideDown UIInterfaceOrientationLandscapeLeft UIInterfaceOrientationLandscapeRight";
				INFOPLIST_KEY_UISupportedInterfaceOrientations_iPhone = "UIInterfaceOrientationPortrait UIInterfaceOrientationLandscapeLeft UIInterfaceOrientationLandscapeRight";
				LD_RUNPATH_SEARCH_PATHS = (
					"$(inherited)",
					"@executable_path/Frameworks",
				);
				MARKETING_VERSION = 1.0;
				PRODUCT_BUNDLE_IDENTIFIER = "Serega-A.I..iosSchool-HxH";
				PRODUCT_NAME = "$(TARGET_NAME)";
				SWIFT_EMIT_LOC_STRINGS = YES;
				SWIFT_VERSION = 5.0;
				TARGETED_DEVICE_FAMILY = "1,2";
			};
			name = Debug;
		};
		359CCE572AE119D30079EEA1 /* Release */ = {
			isa = XCBuildConfiguration;
			buildSettings = {
				ASSETCATALOG_COMPILER_APPICON_NAME = AppIcon;
				ASSETCATALOG_COMPILER_GLOBAL_ACCENT_COLOR_NAME = AccentColor;
				CODE_SIGN_STYLE = Automatic;
				CURRENT_PROJECT_VERSION = 1;
				DEVELOPMENT_TEAM = 7D5DULLXY6;
				GENERATE_INFOPLIST_FILE = YES;
				INFOPLIST_FILE = iosSchool_HxH/Info.plist;
				INFOPLIST_KEY_UIApplicationSupportsIndirectInputEvents = YES;
				INFOPLIST_KEY_UILaunchStoryboardName = LaunchScreen;
				INFOPLIST_KEY_UISupportedInterfaceOrientations_iPad = "UIInterfaceOrientationPortrait UIInterfaceOrientationPortraitUpsideDown UIInterfaceOrientationLandscapeLeft UIInterfaceOrientationLandscapeRight";
				INFOPLIST_KEY_UISupportedInterfaceOrientations_iPhone = "UIInterfaceOrientationPortrait UIInterfaceOrientationLandscapeLeft UIInterfaceOrientationLandscapeRight";
				LD_RUNPATH_SEARCH_PATHS = (
					"$(inherited)",
					"@executable_path/Frameworks",
				);
				MARKETING_VERSION = 1.0;
				PRODUCT_BUNDLE_IDENTIFIER = "Serega-A.I..iosSchool-HxH";
				PRODUCT_NAME = "$(TARGET_NAME)";
				SWIFT_EMIT_LOC_STRINGS = YES;
				SWIFT_VERSION = 5.0;
				TARGETED_DEVICE_FAMILY = "1,2";
			};
			name = Release;
		};
/* End XCBuildConfiguration section */

/* Begin XCConfigurationList section */
		359CCE3C2AE119D20079EEA1 /* Build configuration list for PBXProject "iosSchool_HxH" */ = {
			isa = XCConfigurationList;
			buildConfigurations = (
				359CCE532AE119D30079EEA1 /* Debug */,
				359CCE542AE119D30079EEA1 /* Release */,
			);
			defaultConfigurationIsVisible = 0;
			defaultConfigurationName = Release;
		};
		359CCE552AE119D30079EEA1 /* Build configuration list for PBXNativeTarget "iosSchool_HxH" */ = {
			isa = XCConfigurationList;
			buildConfigurations = (
				359CCE562AE119D30079EEA1 /* Debug */,
				359CCE572AE119D30079EEA1 /* Release */,
			);
			defaultConfigurationIsVisible = 0;
			defaultConfigurationName = Release;
		};
/* End XCConfigurationList section */

/* Begin XCRemoteSwiftPackageReference section */
		35D5E4D22B0F925D00E44F0A /* XCRemoteSwiftPackageReference "SPIndicator" */ = {
			isa = XCRemoteSwiftPackageReference;
			repositoryURL = "https://github.com/ivanvorobei/SPIndicator";
			requirement = {
				kind = upToNextMajorVersion;
				minimumVersion = 1.6.5;
			};
		};
		35D5E4D52B0F957F00E44F0A /* XCRemoteSwiftPackageReference "PKHUD" */ = {
			isa = XCRemoteSwiftPackageReference;
			repositoryURL = "https://github.com/pkluz/PKHUD";
			requirement = {
				kind = upToNextMajorVersion;
				minimumVersion = 5.0.0;
			};
		};
/* End XCRemoteSwiftPackageReference section */

/* Begin XCSwiftPackageProductDependency section */
		35D5E4D32B0F925D00E44F0A /* SPIndicator */ = {
			isa = XCSwiftPackageProductDependency;
			package = 35D5E4D22B0F925D00E44F0A /* XCRemoteSwiftPackageReference "SPIndicator" */;
			productName = SPIndicator;
		};
		35D5E4D62B0F957F00E44F0A /* PKHUD */ = {
			isa = XCSwiftPackageProductDependency;
			package = 35D5E4D52B0F957F00E44F0A /* XCRemoteSwiftPackageReference "PKHUD" */;
			productName = PKHUD;
		};
/* End XCSwiftPackageProductDependency section */
	};
	rootObject = 359CCE392AE119D20079EEA1 /* Project object */;
}
